<Solution>
  <Configurations>
    <Platform Name="ARM64" />
    <Platform Name="x64" />
    <Platform Name="x86" />
  </Configurations>
  <Project Path="MainApplication.MFCBridge/MainApplication.MFCBridge.vcxproj" Id="460362c2-7600-420a-b625-0b72dd48fe97">
    <Platform Solution="*|ARM64" Project="x64" />
  </Project>
  <Project Path="MainApplication/MainApplication.csproj" Id="18af40c2-aa62-4645-924c-1aee9958bb97">
    <Platform Solution="*|ARM64" Project="ARM64" />
    <Platform Solution="*|x64" Project="x64" />
    <Platform Solution="*|x86" Project="x86" />
    <Deploy />
  </Project>
  <Project Path="XAMLTest.CLIBridge/XAMLTest.CLIBridge.vcxproj">
    <Platform Solution="*|ARM64" Project="x64" />
  </Project>
</Solution>
